PODS:
  - LYToolsKit (0.1.1):
    - LYToolsKit/Foundation (= 0.1.1)
    - LYToolsKit/UI (= 0.1.1)
    - LYToolsKit/Utility (= 0.1.1)
  - LYToolsKit/Foundation (0.1.1)
  - LYToolsKit/UI (0.1.1)
  - LYToolsKit/Utility (0.1.1):
    - LYToolsKit/UI
    - Masonry
  - Masonry (1.1.0)

DEPENDENCIES:
  - LYToolsKit (from `../`)

SPEC REPOS:
  https://github.com/cocoapods/specs.git:
    - Masonry

EXTERNAL SOURCES:
  LYToolsKit:
    :path: "../"

SPEC CHECKSUMS:
  LYToolsKit: 71b7221fa2d6fd2c9c80ad8c0baca8829648ba25
  Masonry: 678fab65091a9290e40e2832a55e7ab731aad201

PODFILE CHECKSUM: 65c98e54016424e0cbfc45321fc4dc72ccb68329

COCOAPODS: 1.5.3
