PODS:
  - LYToolsKit (1.0.0):
    - LYToolsKit/Foundation (= 1.0.0)
    - LYToolsKit/UI (= 1.0.0)
    - LYToolsKit/Utility (= 1.0.0)
  - LYToolsKit/Foundation (1.0.0)
  - LYToolsKit/UI (1.0.0)
  - LYToolsKit/Utility (1.0.0)

DEPENDENCIES:
  - LYToolsKit (from `../`)

EXTERNAL SOURCES:
  LYToolsKit:
    :path: "../"

SPEC CHECKSUMS:
  LYToolsKit: 775e803fc7e674d3d73b0b261fc44d90e1f95e9d

PODFILE CHECKSUM: ea93a2831d7751ee19cfcfcf7b57514c1392ef45

COCOAPODS: 1.9.3
